[root]
name = "xsv"
version = "0.2.0"
dependencies = [
 "docopt 0.6.5 (git+git://github.com/docopt/docopt.rs)",
 "rust-csv 0.5.0 (git+git://github.com/BurntSushi/rust-csv)",
 "rust-stats 0.1.0 (git+git://github.com/BurntSushi/rust-stats)",
 "tabwriter 0.1.0 (git+git://github.com/BurntSushi/tabwriter)",
]

[[package]]
name = "docopt"
version = "0.6.5"
source = "git+git://github.com/docopt/docopt.rs#d8fe958fd2b47c2200e55020d72541dfc2a0b61f"

[[package]]
name = "rust-csv"
version = "0.5.0"
source = "git+git://github.com/BurntSushi/rust-csv#af6e80bd40a299393fb07fded3fb013f634c6caf"

[[package]]
name = "rust-stats"
version = "0.1.0"
source = "git+git://github.com/BurntSushi/rust-stats#ef01f4b50c621f2a2c45abebf7e1e4662195a14c"

[[package]]
name = "tabwriter"
version = "0.1.0"
source = "git+git://github.com/BurntSushi/tabwriter#fe0edaaeb8352c3e693161d6d33d10b0176bfe9c"
dependencies = [
 "docopt 0.6.5 (git+git://github.com/docopt/docopt.rs)",
]

